
Microsoft Visual Studio Solution File, Format Version 12.00
# Visual Studio Version 17
VisualStudioVersion = 17.11.35327.3
MinimumVisualStudioVersion = 10.0.40219.1
Project("{8BC9CEB8-8B4A-11D0-8D11-00A0C91BC942}") = "Hazel", "Hazel\Hazel.vcxproj", "{A5E49C59-A5C3-406E-86AD-85185B8FF1FB}"
EndProject
Project("{8BC9CEB8-8B4A-11D0-8D11-00A0C91BC942}") = "SandBox", "SandBox\SandBox.vcxproj", "{140D99F8-ACB1-4076-B08D-C46F96C48DA7}"
EndProject
Global
	GlobalSection(SolutionConfigurationPlatforms) = preSolution
		Debug|x64 = Debug|x64
		Release|x64 = Release|x64
	EndGlobalSection
	GlobalSection(ProjectConfigurationPlatforms) = postSolution
		{A5E49C59-A5C3-406E-86AD-85185B8FF1FB}.Debug|x64.ActiveCfg = Debug|x64
		{A5E49C59-A5C3-406E-86AD-85185B8FF1FB}.Debug|x64.Build.0 = Debug|x64
		{A5E49C59-A5C3-406E-86AD-85185B8FF1FB}.Release|x64.ActiveCfg = Release|x64
		{A5E49C59-A5C3-406E-86AD-85185B8FF1FB}.Release|x64.Build.0 = Release|x64
		{140D99F8-ACB1-4076-B08D-C46F96C48DA7}.Debug|x64.ActiveCfg = Debug|x64
		{140D99F8-ACB1-4076-B08D-C46F96C48DA7}.Debug|x64.Build.0 = Debug|x64
		{140D99F8-ACB1-4076-B08D-C46F96C48DA7}.Release|x64.ActiveCfg = Release|x64
		{140D99F8-ACB1-4076-B08D-C46F96C48DA7}.Release|x64.Build.0 = Release|x64
	EndGlobalSection
	GlobalSection(SolutionProperties) = preSolution
		HideSolutionNode = FALSE
	EndGlobalSection
	GlobalSection(ExtensibilityGlobals) = postSolution
		SolutionGuid = {32E91A3E-68A4-44A2-92F8-51EFD5A1A248}
	EndGlobalSection
EndGlobal
